// !$*UTF8*$!
{
	archiveVersion = 1;
	classes = {
	};
	objectVersion = 77;
	objects = {

/* Begin PBXBuildFile section */
		0F0F14E62E133062004A8A1C /* light.png in Resources */ = {isa = PBXBuildFile; fileRef = 0F0F14E52E133062004A8A1C /* light.png */; };
		0F0F14E72E133062004A8A1C /* light.png in Resources */ = {isa = PBXBuildFile; fileRef = 0F0F14E52E133062004A8A1C /* light.png */; };
		0F0F14E82E133062004A8A1C /* light.png in Resources */ = {isa = PBXBuildFile; fileRef = 0F0F14E52E133062004A8A1C /* light.png */; };
		0F0F14EA2E13306E004A8A1C /* dark.png in Resources */ = {isa = PBXBuildFile; fileRef = 0F0F14E92E13306E004A8A1C /* dark.png */; };
		0F0F14EB2E13306E004A8A1C /* dark.png in Resources */ = {isa = PBXBuildFile; fileRef = 0F0F14E92E13306E004A8A1C /* dark.png */; };
		0F0F14EC2E13306E004A8A1C /* dark.png in Resources */ = {isa = PBXBuildFile; fileRef = 0F0F14E92E13306E004A8A1C /* dark.png */; };
		3675D7D62E132578005048B4 /* README.md in Resources */ = {isa = PBXBuildFile; fileRef = 3675D7D52E132578005048B4 /* README.md */; };
		3675D7D72E132578005048B4 /* README.md in Resources */ = {isa = PBXBuildFile; fileRef = 3675D7D52E132578005048B4 /* README.md */; };
		3675D7D82E132578005048B4 /* README.md in Resources */ = {isa = PBXBuildFile; fileRef = 3675D7D52E132578005048B4 /* README.md */; };
		369D4BBA2E09815100F01A02 /* Pods_Baraka.framework in Frameworks */ = {isa = PBXBuildFile; fileRef = AA5777FB323EA2253985BDAD /* Pods_Baraka.framework */; };
		9BA6B9CF00110026CDB55258 /* Pods_Baraka_BarakaUITests.framework in Frameworks */ = {isa = PBXBuildFile; fileRef = 040617B9C03BFE2B331C1CA9 /* Pods_Baraka_BarakaUITests.framework */; };
		FF68FDE055FE600F2DB112B5 /* Pods_BarakaTests.framework in Frameworks */ = {isa = PBXBuildFile; fileRef = 18D8753D1883D730292B8D94 /* Pods_BarakaTests.framework */; };
/* End PBXBuildFile section */

/* Begin PBXContainerItemProxy section */
		36805A3E2E09782400445070 /* PBXContainerItemProxy */ = {
			isa = PBXContainerItemProxy;
			containerPortal = 36805A1F2E09782200445070 /* Project object */;
			proxyType = 1;
			remoteGlobalIDString = 36805A262E09782200445070;
			remoteInfo = Baraka;
		};
		36805A482E09782400445070 /* PBXContainerItemProxy */ = {
			isa = PBXContainerItemProxy;
			containerPortal = 36805A1F2E09782200445070 /* Project object */;
			proxyType = 1;
			remoteGlobalIDString = 36805A262E09782200445070;
			remoteInfo = Baraka;
		};
/* End PBXContainerItemProxy section */

/* Begin PBXFileReference section */
		040617B9C03BFE2B331C1CA9 /* Pods_Baraka_BarakaUITests.framework */ = {isa = PBXFileReference; explicitFileType = wrapper.framework; includeInIndex = 0; path = Pods_Baraka_BarakaUITests.framework; sourceTree = BUILT_PRODUCTS_DIR; };
		0F0F14E52E133062004A8A1C /* light.png */ = {isa = PBXFileReference; lastKnownFileType = image.png; path = light.png; sourceTree = "<group>"; };
		0F0F14E92E13306E004A8A1C /* dark.png */ = {isa = PBXFileReference; lastKnownFileType = image.png; path = dark.png; sourceTree = "<group>"; };
		18D8753D1883D730292B8D94 /* Pods_BarakaTests.framework */ = {isa = PBXFileReference; explicitFileType = wrapper.framework; includeInIndex = 0; path = Pods_BarakaTests.framework; sourceTree = BUILT_PRODUCTS_DIR; };
		1B1E9B8F68F51F30E5D0945B /* Pods-Baraka.release.xcconfig */ = {isa = PBXFileReference; includeInIndex = 1; lastKnownFileType = text.xcconfig; name = "Pods-Baraka.release.xcconfig"; path = "Target Support Files/Pods-Baraka/Pods-Baraka.release.xcconfig"; sourceTree = "<group>"; };
		3675D7D52E132578005048B4 /* README.md */ = {isa = PBXFileReference; lastKnownFileType = net.daringfireball.markdown; path = README.md; sourceTree = "<group>"; };
		36805A272E09782200445070 /* Baraka.app */ = {isa = PBXFileReference; explicitFileType = wrapper.application; includeInIndex = 0; path = Baraka.app; sourceTree = BUILT_PRODUCTS_DIR; };
		36805A3D2E09782400445070 /* BarakaTests.xctest */ = {isa = PBXFileReference; explicitFileType = wrapper.cfbundle; includeInIndex = 0; path = BarakaTests.xctest; sourceTree = BUILT_PRODUCTS_DIR; };
		36805A472E09782400445070 /* BarakaUITests.xctest */ = {isa = PBXFileReference; explicitFileType = wrapper.cfbundle; includeInIndex = 0; path = BarakaUITests.xctest; sourceTree = BUILT_PRODUCTS_DIR; };
		369D4BAD2E0980FB00F01A02 /* Differentiator.framework */ = {isa = PBXFileReference; explicitFileType = wrapper.framework; path = Differentiator.framework; sourceTree = BUILT_PRODUCTS_DIR; };
		369D4BB12E09810B00F01A02 /* RxCocoa.framework */ = {isa = PBXFileReference; explicitFileType = wrapper.framework; path = RxCocoa.framework; sourceTree = BUILT_PRODUCTS_DIR; };
		369D4BB42E09811600F01A02 /* RxSwift.framework */ = {isa = PBXFileReference; explicitFileType = wrapper.framework; path = RxSwift.framework; sourceTree = BUILT_PRODUCTS_DIR; };
		369D4BB72E09812700F01A02 /* RxCocoa.framework */ = {isa = PBXFileReference; explicitFileType = wrapper.framework; path = RxCocoa.framework; sourceTree = BUILT_PRODUCTS_DIR; };
		3CF4C90648D307DBA6563FEE /* Pods-Baraka-BarakaUITests.debug.xcconfig */ = {isa = PBXFileReference; includeInIndex = 1; lastKnownFileType = text.xcconfig; name = "Pods-Baraka-BarakaUITests.debug.xcconfig"; path = "Target Support Files/Pods-Baraka-BarakaUITests/Pods-Baraka-BarakaUITests.debug.xcconfig"; sourceTree = "<group>"; };
		76263A91504F746A23597F3C /* Pods-BarakaTests.release.xcconfig */ = {isa = PBXFileReference; includeInIndex = 1; lastKnownFileType = text.xcconfig; name = "Pods-BarakaTests.release.xcconfig"; path = "Target Support Files/Pods-BarakaTests/Pods-BarakaTests.release.xcconfig"; sourceTree = "<group>"; };
		7BBF111DCDC46601609B4799 /* Pods-Baraka-BarakaUITests.release.xcconfig */ = {isa = PBXFileReference; includeInIndex = 1; lastKnownFileType = text.xcconfig; name = "Pods-Baraka-BarakaUITests.release.xcconfig"; path = "Target Support Files/Pods-Baraka-BarakaUITests/Pods-Baraka-BarakaUITests.release.xcconfig"; sourceTree = "<group>"; };
		AA5777FB323EA2253985BDAD /* Pods_Baraka.framework */ = {isa = PBXFileReference; explicitFileType = wrapper.framework; includeInIndex = 0; path = Pods_Baraka.framework; sourceTree = BUILT_PRODUCTS_DIR; };
		C3D38E9BEDA3050808530FDE /* Pods-Baraka.debug.xcconfig */ = {isa = PBXFileReference; includeInIndex = 1; lastKnownFileType = text.xcconfig; name = "Pods-Baraka.debug.xcconfig"; path = "Target Support Files/Pods-Baraka/Pods-Baraka.debug.xcconfig"; sourceTree = "<group>"; };
		EEFDDE63DED78F11DD098640 /* Pods-BarakaTests.debug.xcconfig */ = {isa = PBXFileReference; includeInIndex = 1; lastKnownFileType = text.xcconfig; name = "Pods-BarakaTests.debug.xcconfig"; path = "Target Support Files/Pods-BarakaTests/Pods-BarakaTests.debug.xcconfig"; sourceTree = "<group>"; };
/* End PBXFileReference section */

/* Begin PBXFileSystemSynchronizedBuildFileExceptionSet section */
		36805A4F2E09782400445070 /* Exceptions for "Baraka" folder in "Baraka" target */ = {
			isa = PBXFileSystemSynchronizedBuildFileExceptionSet;
			membershipExceptions = (
				Info.plist,
			);
			target = 36805A262E09782200445070 /* Baraka */;
		};
/* End PBXFileSystemSynchronizedBuildFileExceptionSet section */

/* Begin PBXFileSystemSynchronizedRootGroup section */
		36805A292E09782200445070 /* Baraka */ = {
			isa = PBXFileSystemSynchronizedRootGroup;
			exceptions = (
				36805A4F2E09782400445070 /* Exceptions for "Baraka" folder in "Baraka" target */,
			);
			path = Baraka;
			sourceTree = "<group>";
		};
		36805A402E09782400445070 /* BarakaTests */ = {
			isa = PBXFileSystemSynchronizedRootGroup;
			path = BarakaTests;
			sourceTree = "<group>";
		};
		36805A4A2E09782400445070 /* BarakaUITests */ = {
			isa = PBXFileSystemSynchronizedRootGroup;
			path = BarakaUITests;
			sourceTree = "<group>";
		};
/* End PBXFileSystemSynchronizedRootGroup section */

/* Begin PBXFrameworksBuildPhase section */
		36805A242E09782200445070 /* Frameworks */ = {
			isa = PBXFrameworksBuildPhase;
			buildActionMask = 2147483647;
			files = (
				369D4BBA2E09815100F01A02 /* Pods_Baraka.framework in Frameworks */,
			);
			runOnlyForDeploymentPostprocessing = 0;
		};
		36805A3A2E09782400445070 /* Frameworks */ = {
			isa = PBXFrameworksBuildPhase;
			buildActionMask = 2147483647;
			files = (
				FF68FDE055FE600F2DB112B5 /* Pods_BarakaTests.framework in Frameworks */,
			);
			runOnlyForDeploymentPostprocessing = 0;
		};
		36805A442E09782400445070 /* Frameworks */ = {
			isa = PBXFrameworksBuildPhase;
			buildActionMask = 2147483647;
			files = (
				9BA6B9CF00110026CDB55258 /* Pods_Baraka_BarakaUITests.framework in Frameworks */,
			);
			runOnlyForDeploymentPostprocessing = 0;
		};
/* End PBXFrameworksBuildPhase section */

/* Begin PBXGroup section */
		0F0F14E42E132FCC004A8A1C /* Docs */ = {
			isa = PBXGroup;
			children = (
				0F0F14E92E13306E004A8A1C /* dark.png */,
				0F0F14E52E133062004A8A1C /* light.png */,
			);
			path = Docs;
			sourceTree = "<group>";
		};
		2BCA7AB396264700D708F6DA /* Pods */ = {
			isa = PBXGroup;
			children = (
				C3D38E9BEDA3050808530FDE /* Pods-Baraka.debug.xcconfig */,
				1B1E9B8F68F51F30E5D0945B /* Pods-Baraka.release.xcconfig */,
				3CF4C90648D307DBA6563FEE /* Pods-Baraka-BarakaUITests.debug.xcconfig */,
				7BBF111DCDC46601609B4799 /* Pods-Baraka-BarakaUITests.release.xcconfig */,
				EEFDDE63DED78F11DD098640 /* Pods-BarakaTests.debug.xcconfig */,
				76263A91504F746A23597F3C /* Pods-BarakaTests.release.xcconfig */,
			);
			path = Pods;
			sourceTree = "<group>";
		};
		36805A1E2E09782200445070 = {
			isa = PBXGroup;
			children = (
				0F0F14E42E132FCC004A8A1C /* Docs */,
				3675D7D52E132578005048B4 /* README.md */,
				36805A402E09782400445070 /* BarakaTests */,
				36805A4A2E09782400445070 /* BarakaUITests */,
				36805A282E09782200445070 /* Products */,
				2BCA7AB396264700D708F6DA /* Pods */,
				B2A53630B1790EEB6A80120D /* Frameworks */,
				36805A292E09782200445070 /* Baraka */,
			);
			sourceTree = "<group>";
		};
		36805A282E09782200445070 /* Products */ = {
			isa = PBXGroup;
			children = (
				36805A272E09782200445070 /* Baraka.app */,
				36805A3D2E09782400445070 /* BarakaTests.xctest */,
				36805A472E09782400445070 /* BarakaUITests.xctest */,
			);
			name = Products;
			sourceTree = "<group>";
		};
		B2A53630B1790EEB6A80120D /* Frameworks */ = {
			isa = PBXGroup;
			children = (
				369D4BB72E09812700F01A02 /* RxCocoa.framework */,
				369D4BB42E09811600F01A02 /* RxSwift.framework */,
				369D4BB12E09810B00F01A02 /* RxCocoa.framework */,
				369D4BAD2E0980FB00F01A02 /* Differentiator.framework */,
				AA5777FB323EA2253985BDAD /* Pods_Baraka.framework */,
				040617B9C03BFE2B331C1CA9 /* Pods_Baraka_BarakaUITests.framework */,
				18D8753D1883D730292B8D94 /* Pods_BarakaTests.framework */,
			);
			name = Frameworks;
			sourceTree = "<group>";
		};
/* End PBXGroup section */

/* Begin PBXNativeTarget section */
		36805A262E09782200445070 /* Baraka */ = {
			isa = PBXNativeTarget;
			buildConfigurationList = 36805A502E09782400445070 /* Build configuration list for PBXNativeTarget "Baraka" */;
			buildPhases = (
				2CDB6BB32BB4A731EE2849DE /* [CP] Check Pods Manifest.lock */,
				36805A232E09782200445070 /* Sources */,
				36805A242E09782200445070 /* Frameworks */,
				36805A252E09782200445070 /* Resources */,
				11076EE5665D73B8AEBF0320 /* [CP] Embed Pods Frameworks */,
			);
			buildRules = (
			);
			dependencies = (
			);
			fileSystemSynchronizedGroups = (
				36805A292E09782200445070 /* Baraka */,
			);
			name = Baraka;
			productName = Baraka;
			productReference = 36805A272E09782200445070 /* Baraka.app */;
			productType = "com.apple.product-type.application";
		};
		36805A3C2E09782400445070 /* BarakaTests */ = {
			isa = PBXNativeTarget;
			buildConfigurationList = 36805A552E09782400445070 /* Build configuration list for PBXNativeTarget "BarakaTests" */;
			buildPhases = (
				96DFA95918101D475A89815D /* [CP] Check Pods Manifest.lock */,
				36805A392E09782400445070 /* Sources */,
				36805A3A2E09782400445070 /* Frameworks */,
				36805A3B2E09782400445070 /* Resources */,
			);
			buildRules = (
			);
			dependencies = (
				36805A3F2E09782400445070 /* PBXTargetDependency */,
			);
			fileSystemSynchronizedGroups = (
				36805A402E09782400445070 /* BarakaTests */,
			);
			name = BarakaTests;
			productName = BarakaTests;
			productReference = 36805A3D2E09782400445070 /* BarakaTests.xctest */;
			productType = "com.apple.product-type.bundle.unit-test";
		};
		36805A462E09782400445070 /* BarakaUITests */ = {
			isa = PBXNativeTarget;
			buildConfigurationList = 36805A582E09782400445070 /* Build configuration list for PBXNativeTarget "BarakaUITests" */;
			buildPhases = (
				EBAB02278DE41CE8EE3F9737 /* [CP] Check Pods Manifest.lock */,
				36805A432E09782400445070 /* Sources */,
				36805A442E09782400445070 /* Frameworks */,
				36805A452E09782400445070 /* Resources */,
				97415C2E2F8DC8750A257610 /* [CP] Embed Pods Frameworks */,
			);
			buildRules = (
			);
			dependencies = (
				36805A492E09782400445070 /* PBXTargetDependency */,
			);
			fileSystemSynchronizedGroups = (
				36805A4A2E09782400445070 /* BarakaUITests */,
			);
			name = BarakaUITests;
			productName = BarakaUITests;
			productReference = 36805A472E09782400445070 /* BarakaUITests.xctest */;
			productType = "com.apple.product-type.bundle.ui-testing";
		};
/* End PBXNativeTarget section */

/* Begin PBXProject section */
		36805A1F2E09782200445070 /* Project object */ = {
			isa = PBXProject;
			attributes = {
				BuildIndependentTargetsInParallel = 1;
				LastSwiftUpdateCheck = 1630;
				LastUpgradeCheck = 1630;
				TargetAttributes = {
					36805A262E09782200445070 = {
						CreatedOnToolsVersion = 16.3;
					};
					36805A3C2E09782400445070 = {
						CreatedOnToolsVersion = 16.3;
						TestTargetID = 36805A262E09782200445070;
					};
					36805A462E09782400445070 = {
						CreatedOnToolsVersion = 16.3;
						TestTargetID = 36805A262E09782200445070;
					};
				};
			};
			buildConfigurationList = 36805A222E09782200445070 /* Build configuration list for PBXProject "Baraka" */;
			developmentRegion = en;
			hasScannedForEncodings = 0;
			knownRegions = (
				en,
				Base,
			);
			mainGroup = 36805A1E2E09782200445070;
			minimizedProjectReferenceProxies = 1;
			preferredProjectObjectVersion = 77;
			productRefGroup = 36805A282E09782200445070 /* Products */;
			projectDirPath = "";
			projectRoot = "";
			targets = (
				36805A262E09782200445070 /* Baraka */,
				36805A3C2E09782400445070 /* BarakaTests */,
				36805A462E09782400445070 /* BarakaUITests */,
			);
		};
/* End PBXProject section */

/* Begin PBXResourcesBuildPhase section */
		36805A252E09782200445070 /* Resources */ = {
			isa = PBXResourcesBuildPhase;
			buildActionMask = 2147483647;
			files = (
				0F0F14E82E133062004A8A1C /* light.png in Resources */,
				3675D7D62E132578005048B4 /* README.md in Resources */,
				0F0F14EC2E13306E004A8A1C /* dark.png in Resources */,
			);
			runOnlyForDeploymentPostprocessing = 0;
		};
		36805A3B2E09782400445070 /* Resources */ = {
			isa = PBXResourcesBuildPhase;
			buildActionMask = 2147483647;
			files = (
				0F0F14E62E133062004A8A1C /* light.png in Resources */,
				3675D7D82E132578005048B4 /* README.md in Resources */,
				0F0F14EB2E13306E004A8A1C /* dark.png in Resources */,
			);
			runOnlyForDeploymentPostprocessing = 0;
		};
		36805A452E09782400445070 /* Resources */ = {
			isa = PBXResourcesBuildPhase;
			buildActionMask = 2147483647;
			files = (
				0F0F14E72E133062004A8A1C /* light.png in Resources */,
				3675D7D72E132578005048B4 /* README.md in Resources */,
				0F0F14EA2E13306E004A8A1C /* dark.png in Resources */,
			);
			runOnlyForDeploymentPostprocessing = 0;
		};
/* End PBXResourcesBuildPhase section */

/* Begin PBXShellScriptBuildPhase section */
		11076EE5665D73B8AEBF0320 /* [CP] Embed Pods Frameworks */ = {
			isa = PBXShellScriptBuildPhase;
			buildActionMask = 2147483647;
			files = (
			);
			inputFileListPaths = (
				"${PODS_ROOT}/Target Support Files/Pods-Baraka/Pods-Baraka-frameworks-${CONFIGURATION}-input-files.xcfilelist",
			);
			inputPaths = (
			);
			name = "[CP] Embed Pods Frameworks";
			outputFileListPaths = (
				"${PODS_ROOT}/Target Support Files/Pods-Baraka/Pods-Baraka-frameworks-${CONFIGURATION}-output-files.xcfilelist",
			);
			outputPaths = (
			);
			runOnlyForDeploymentPostprocessing = 0;
			shellPath = /bin/sh;
			shellScript = "\"${PODS_ROOT}/Target Support Files/Pods-Baraka/Pods-Baraka-frameworks.sh\"\n";
			showEnvVarsInLog = 0;
		};
		2CDB6BB32BB4A731EE2849DE /* [CP] Check Pods Manifest.lock */ = {
			isa = PBXShellScriptBuildPhase;
			buildActionMask = 2147483647;
			files = (
			);
			inputFileListPaths = (
			);
			inputPaths = (
				"${PODS_PODFILE_DIR_PATH}/Podfile.lock",
				"${PODS_ROOT}/Manifest.lock",
			);
			name = "[CP] Check Pods Manifest.lock";
			outputFileListPaths = (
			);
			outputPaths = (
				"$(DERIVED_FILE_DIR)/Pods-Baraka-checkManifestLockResult.txt",
			);
			runOnlyForDeploymentPostprocessing = 0;
			shellPath = /bin/sh;
			shellScript = "diff \"${PODS_PODFILE_DIR_PATH}/Podfile.lock\" \"${PODS_ROOT}/Manifest.lock\" > /dev/null\nif [ $? != 0 ] ; then\n    # print error to STDERR\n    echo \"error: The sandbox is not in sync with the Podfile.lock. Run 'pod install' or update your CocoaPods installation.\" >&2\n    exit 1\nfi\n# This output is used by Xcode 'outputs' to avoid re-running this script phase.\necho \"SUCCESS\" > \"${SCRIPT_OUTPUT_FILE_0}\"\n";
			showEnvVarsInLog = 0;
		};
		96DFA95918101D475A89815D /* [CP] Check Pods Manifest.lock */ = {
			isa = PBXShellScriptBuildPhase;
			buildActionMask = 2147483647;
			files = (
			);
			inputFileListPaths = (
			);
			inputPaths = (
				"${PODS_PODFILE_DIR_PATH}/Podfile.lock",
				"${PODS_ROOT}/Manifest.lock",
			);
			name = "[CP] Check Pods Manifest.lock";
			outputFileListPaths = (
			);
			outputPaths = (
				"$(DERIVED_FILE_DIR)/Pods-BarakaTests-checkManifestLockResult.txt",
			);
			runOnlyForDeploymentPostprocessing = 0;
			shellPath = /bin/sh;
			shellScript = "diff \"${PODS_PODFILE_DIR_PATH}/Podfile.lock\" \"${PODS_ROOT}/Manifest.lock\" > /dev/null\nif [ $? != 0 ] ; then\n    # print error to STDERR\n    echo \"error: The sandbox is not in sync with the Podfile.lock. Run 'pod install' or update your CocoaPods installation.\" >&2\n    exit 1\nfi\n# This output is used by Xcode 'outputs' to avoid re-running this script phase.\necho \"SUCCESS\" > \"${SCRIPT_OUTPUT_FILE_0}\"\n";
			showEnvVarsInLog = 0;
		};
		97415C2E2F8DC8750A257610 /* [CP] Embed Pods Frameworks */ = {
			isa = PBXShellScriptBuildPhase;
			buildActionMask = 2147483647;
			files = (
			);
			inputFileListPaths = (
				"${PODS_ROOT}/Target Support Files/Pods-Baraka-BarakaUITests/Pods-Baraka-BarakaUITests-frameworks-${CONFIGURATION}-input-files.xcfilelist",
			);
			inputPaths = (
			);
			name = "[CP] Embed Pods Frameworks";
			outputFileListPaths = (
				"${PODS_ROOT}/Target Support Files/Pods-Baraka-BarakaUITests/Pods-Baraka-BarakaUITests-frameworks-${CONFIGURATION}-output-files.xcfilelist",
			);
			outputPaths = (
			);
			runOnlyForDeploymentPostprocessing = 0;
			shellPath = /bin/sh;
			shellScript = "\"${PODS_ROOT}/Target Support Files/Pods-Baraka-BarakaUITests/Pods-Baraka-BarakaUITests-frameworks.sh\"\n";
			showEnvVarsInLog = 0;
		};
		EBAB02278DE41CE8EE3F9737 /* [CP] Check Pods Manifest.lock */ = {
			isa = PBXShellScriptBuildPhase;
			buildActionMask = 2147483647;
			files = (
			);
			inputFileListPaths = (
			);
			inputPaths = (
				"${PODS_PODFILE_DIR_PATH}/Podfile.lock",
				"${PODS_ROOT}/Manifest.lock",
			);
			name = "[CP] Check Pods Manifest.lock";
			outputFileListPaths = (
			);
			outputPaths = (
				"$(DERIVED_FILE_DIR)/Pods-Baraka-BarakaUITests-checkManifestLockResult.txt",
			);
			runOnlyForDeploymentPostprocessing = 0;
			shellPath = /bin/sh;
			shellScript = "diff \"${PODS_PODFILE_DIR_PATH}/Podfile.lock\" \"${PODS_ROOT}/Manifest.lock\" > /dev/null\nif [ $? != 0 ] ; then\n    # print error to STDERR\n    echo \"error: The sandbox is not in sync with the Podfile.lock. Run 'pod install' or update your CocoaPods installation.\" >&2\n    exit 1\nfi\n# This output is used by Xcode 'outputs' to avoid re-running this script phase.\necho \"SUCCESS\" > \"${SCRIPT_OUTPUT_FILE_0}\"\n";
			showEnvVarsInLog = 0;
		};
/* End PBXShellScriptBuildPhase section */

/* Begin PBXSourcesBuildPhase section */
		36805A232E09782200445070 /* Sources */ = {
			isa = PBXSourcesBuildPhase;
			buildActionMask = 2147483647;
			files = (
			);
			runOnlyForDeploymentPostprocessing = 0;
		};
		36805A392E09782400445070 /* Sources */ = {
			isa = PBXSourcesBuildPhase;
			buildActionMask = 2147483647;
			files = (
			);
			runOnlyForDeploymentPostprocessing = 0;
		};
		36805A432E09782400445070 /* Sources */ = {
			isa = PBXSourcesBuildPhase;
			buildActionMask = 2147483647;
			files = (
			);
			runOnlyForDeploymentPostprocessing = 0;
		};
/* End PBXSourcesBuildPhase section */

/* Begin PBXTargetDependency section */
		36805A3F2E09782400445070 /* PBXTargetDependency */ = {
			isa = PBXTargetDependency;
			target = 36805A262E09782200445070 /* Baraka */;
			targetProxy = 36805A3E2E09782400445070 /* PBXContainerItemProxy */;
		};
		36805A492E09782400445070 /* PBXTargetDependency */ = {
			isa = PBXTargetDependency;
			target = 36805A262E09782200445070 /* Baraka */;
			targetProxy = 36805A482E09782400445070 /* PBXContainerItemProxy */;
		};
/* End PBXTargetDependency section */

/* Begin XCBuildConfiguration section */
		36805A512E09782400445070 /* Debug */ = {
			isa = XCBuildConfiguration;
			baseConfigurationReference = C3D38E9BEDA3050808530FDE /* Pods-Baraka.debug.xcconfig */;
			buildSettings = {
				ASSETCATALOG_COMPILER_APPICON_NAME = AppIcon;
				ASSETCATALOG_COMPILER_GLOBAL_ACCENT_COLOR_NAME = AccentColor;
				ASSETCATALOG_COMPILER_INCLUDE_ALL_APPICON_ASSETS = YES;
				CODE_SIGN_STYLE = Automatic;
				CURRENT_PROJECT_VERSION = 1;
				ENABLE_USER_SCRIPT_SANDBOXING = NO;
				GENERATE_INFOPLIST_FILE = YES;
				INFOPLIST_FILE = Baraka/Info.plist;
				INFOPLIST_KEY_UIApplicationSupportsIndirectInputEvents = YES;
				INFOPLIST_KEY_UILaunchStoryboardName = LaunchScreen;
				INFOPLIST_KEY_UIMainStoryboardFile = Main;
				INFOPLIST_KEY_UISupportedInterfaceOrientations_iPad = "UIInterfaceOrientationPortrait UIInterfaceOrientationPortraitUpsideDown UIInterfaceOrientationLandscapeLeft UIInterfaceOrientationLandscapeRight";
				INFOPLIST_KEY_UISupportedInterfaceOrientations_iPhone = "UIInterfaceOrientationPortrait UIInterfaceOrientationLandscapeLeft UIInterfaceOrientationLandscapeRight";
				LD_RUNPATH_SEARCH_PATHS = (
					"$(inherited)",
					"@executable_path/Frameworks",
				);
				MARKETING_VERSION = 1.0;
				PRODUCT_BUNDLE_IDENTIFIER = com.fintech.Baraka;
				PRODUCT_NAME = "$(TARGET_NAME)";
				SWIFT_EMIT_LOC_STRINGS = YES;
				SWIFT_VERSION = 5.0;
				TARGETED_DEVICE_FAMILY = "1,2";
			};
			name = Debug;
		};
		36805A522E09782400445070 /* Release */ = {
			isa = XCBuildConfiguration;
			baseConfigurationReference = 1B1E9B8F68F51F30E5D0945B /* Pods-Baraka.release.xcconfig */;
			buildSettings = {
				ASSETCATALOG_COMPILER_APPICON_NAME = AppIcon;
				ASSETCATALOG_COMPILER_GLOBAL_ACCENT_COLOR_NAME = AccentColor;
				ASSETCATALOG_COMPILER_INCLUDE_ALL_APPICON_ASSETS = YES;
				CODE_SIGN_STYLE = Automatic;
				CURRENT_PROJECT_VERSION = 1;
				ENABLE_USER_SCRIPT_SANDBOXING = NO;
				GENERATE_INFOPLIST_FILE = YES;
				INFOPLIST_FILE = Baraka/Info.plist;
				INFOPLIST_KEY_UIApplicationSupportsIndirectInputEvents = YES;
				INFOPLIST_KEY_UILaunchStoryboardName = LaunchScreen;
				INFOPLIST_KEY_UIMainStoryboardFile = Main;
				INFOPLIST_KEY_UISupportedInterfaceOrientations_iPad = "UIInterfaceOrientationPortrait UIInterfaceOrientationPortraitUpsideDown UIInterfaceOrientationLandscapeLeft UIInterfaceOrientationLandscapeRight";
				INFOPLIST_KEY_UISupportedInterfaceOrientations_iPhone = "UIInterfaceOrientationPortrait UIInterfaceOrientationLandscapeLeft UIInterfaceOrientationLandscapeRight";
				LD_RUNPATH_SEARCH_PATHS = (
					"$(inherited)",
					"@executable_path/Frameworks",
				);
				MARKETING_VERSION = 1.0;
				PRODUCT_BUNDLE_IDENTIFIER = com.fintech.Baraka;
				PRODUCT_NAME = "$(TARGET_NAME)";
				SWIFT_EMIT_LOC_STRINGS = YES;
				SWIFT_VERSION = 5.0;
				TARGETED_DEVICE_FAMILY = "1,2";
			};
			name = Release;
		};
		36805A532E09782400445070 /* Debug */ = {
			isa = XCBuildConfiguration;
			buildSettings = {
				ALWAYS_SEARCH_USER_PATHS = NO;
				ASSETCATALOG_COMPILER_GENERATE_SWIFT_ASSET_SYMBOL_EXTENSIONS = YES;
				CLANG_ANALYZER_NONNULL = YES;
				CLANG_ANALYZER_NUMBER_OBJECT_CONVERSION = YES_AGGRESSIVE;
				CLANG_CXX_LANGUAGE_STANDARD = "gnu++20";
				CLANG_ENABLE_MODULES = YES;
				CLANG_ENABLE_OBJC_ARC = YES;
				CLANG_ENABLE_OBJC_WEAK = YES;
				CLANG_WARN_BLOCK_CAPTURE_AUTORELEASING = YES;
				CLANG_WARN_BOOL_CONVERSION = YES;
				CLANG_WARN_COMMA = YES;
				CLANG_WARN_CONSTANT_CONVERSION = YES;
				CLANG_WARN_DEPRECATED_OBJC_IMPLEMENTATIONS = YES;
				CLANG_WARN_DIRECT_OBJC_ISA_USAGE = YES_ERROR;
				CLANG_WARN_DOCUMENTATION_COMMENTS = YES;
				CLANG_WARN_EMPTY_BODY = YES;
				CLANG_WARN_ENUM_CONVERSION = YES;
				CLANG_WARN_INFINITE_RECURSION = YES;
				CLANG_WARN_INT_CONVERSION = YES;
				CLANG_WARN_NON_LITERAL_NULL_CONVERSION = YES;
				CLANG_WARN_OBJC_IMPLICIT_RETAIN_SELF = YES;
				CLANG_WARN_OBJC_LITERAL_CONVERSION = YES;
				CLANG_WARN_OBJC_ROOT_CLASS = YES_ERROR;
				CLANG_WARN_QUOTED_INCLUDE_IN_FRAMEWORK_HEADER = YES;
				CLANG_WARN_RANGE_LOOP_ANALYSIS = YES;
				CLANG_WARN_STRICT_PROTOTYPES = YES;
				CLANG_WARN_SUSPICIOUS_MOVE = YES;
				CLANG_WARN_UNGUARDED_AVAILABILITY = YES_AGGRESSIVE;
				CLANG_WARN_UNREACHABLE_CODE = YES;
				CLANG_WARN__DUPLICATE_METHOD_MATCH = YES;
				COPY_PHASE_STRIP = NO;
				DEBUG_INFORMATION_FORMAT = dwarf;
				ENABLE_STRICT_OBJC_MSGSEND = YES;
				ENABLE_TESTABILITY = YES;
				ENABLE_USER_SCRIPT_SANDBOXING = YES;
				GCC_C_LANGUAGE_STANDARD = gnu17;
				GCC_DYNAMIC_NO_PIC = NO;
				GCC_NO_COMMON_BLOCKS = YES;
				GCC_OPTIMIZATION_LEVEL = 0;
				GCC_PREPROCESSOR_DEFINITIONS = (
					"DEBUG=1",
					"$(inherited)",
				);
				GCC_WARN_64_TO_32_BIT_CONVERSION = YES;
				GCC_WARN_ABOUT_RETURN_TYPE = YES_ERROR;
				GCC_WARN_UNDECLARED_SELECTOR = YES;
				GCC_WARN_UNINITIALIZED_AUTOS = YES_AGGRESSIVE;
				GCC_WARN_UNUSED_FUNCTION = YES;
				GCC_WARN_UNUSED_VARIABLE = YES;
				IPHONEOS_DEPLOYMENT_TARGET = 18.4;
				LOCALIZATION_PREFERS_STRING_CATALOGS = YES;
				MTL_ENABLE_DEBUG_INFO = INCLUDE_SOURCE;
				MTL_FAST_MATH = YES;
				ONLY_ACTIVE_ARCH = YES;
				SDKROOT = iphoneos;
				SWIFT_ACTIVE_COMPILATION_CONDITIONS = "DEBUG $(inherited)";
				SWIFT_OPTIMIZATION_LEVEL = "-Onone";
			};
			name = Debug;
		};
		36805A542E09782400445070 /* Release */ = {
			isa = XCBuildConfiguration;
			buildSettings = {
				ALWAYS_SEARCH_USER_PATHS = NO;
				ASSETCATALOG_COMPILER_GENERATE_SWIFT_ASSET_SYMBOL_EXTENSIONS = YES;
				CLANG_ANALYZER_NONNULL = YES;
				CLANG_ANALYZER_NUMBER_OBJECT_CONVERSION = YES_AGGRESSIVE;
				CLANG_CXX_LANGUAGE_STANDARD = "gnu++20";
				CLANG_ENABLE_MODULES = YES;
				CLANG_ENABLE_OBJC_ARC = YES;
				CLANG_ENABLE_OBJC_WEAK = YES;
				CLANG_WARN_BLOCK_CAPTURE_AUTORELEASING = YES;
				CLANG_WARN_BOOL_CONVERSION = YES;
				CLANG_WARN_COMMA = YES;
				CLANG_WARN_CONSTANT_CONVERSION = YES;
				CLANG_WARN_DEPRECATED_OBJC_IMPLEMENTATIONS = YES;
				CLANG_WARN_DIRECT_OBJC_ISA_USAGE = YES_ERROR;
				CLANG_WARN_DOCUMENTATION_COMMENTS = YES;
				CLANG_WARN_EMPTY_BODY = YES;
				CLANG_WARN_ENUM_CONVERSION = YES;
				CLANG_WARN_INFINITE_RECURSION = YES;
				CLANG_WARN_INT_CONVERSION = YES;
				CLANG_WARN_NON_LITERAL_NULL_CONVERSION = YES;
				CLANG_WARN_OBJC_IMPLICIT_RETAIN_SELF = YES;
				CLANG_WARN_OBJC_LITERAL_CONVERSION = YES;
				CLANG_WARN_OBJC_ROOT_CLASS = YES_ERROR;
				CLANG_WARN_QUOTED_INCLUDE_IN_FRAMEWORK_HEADER = YES;
				CLANG_WARN_RANGE_LOOP_ANALYSIS = YES;
				CLANG_WARN_STRICT_PROTOTYPES = YES;
				CLANG_WARN_SUSPICIOUS_MOVE = YES;
				CLANG_WARN_UNGUARDED_AVAILABILITY = YES_AGGRESSIVE;
				CLANG_WARN_UNREACHABLE_CODE = YES;
				CLANG_WARN__DUPLICATE_METHOD_MATCH = YES;
				COPY_PHASE_STRIP = NO;
				DEBUG_INFORMATION_FORMAT = "dwarf-with-dsym";
				ENABLE_NS_ASSERTIONS = NO;
				ENABLE_STRICT_OBJC_MSGSEND = YES;
				ENABLE_USER_SCRIPT_SANDBOXING = YES;
				GCC_C_LANGUAGE_STANDARD = gnu17;
				GCC_NO_COMMON_BLOCKS = YES;
				GCC_WARN_64_TO_32_BIT_CONVERSION = YES;
				GCC_WARN_ABOUT_RETURN_TYPE = YES_ERROR;
				GCC_WARN_UNDECLARED_SELECTOR = YES;
				GCC_WARN_UNINITIALIZED_AUTOS = YES_AGGRESSIVE;
				GCC_WARN_UNUSED_FUNCTION = YES;
				GCC_WARN_UNUSED_VARIABLE = YES;
				IPHONEOS_DEPLOYMENT_TARGET = 18.4;
				LOCALIZATION_PREFERS_STRING_CATALOGS = YES;
				MTL_ENABLE_DEBUG_INFO = NO;
				MTL_FAST_MATH = YES;
				SDKROOT = iphoneos;
				SWIFT_COMPILATION_MODE = wholemodule;
				VALIDATE_PRODUCT = YES;
			};
			name = Release;
		};
		36805A562E09782400445070 /* Debug */ = {
			isa = XCBuildConfiguration;
			baseConfigurationReference = EEFDDE63DED78F11DD098640 /* Pods-BarakaTests.debug.xcconfig */;
			buildSettings = {
				BUNDLE_LOADER = "$(TEST_HOST)";
				CODE_SIGN_STYLE = Automatic;
				CURRENT_PROJECT_VERSION = 1;
				GENERATE_INFOPLIST_FILE = YES;
				IPHONEOS_DEPLOYMENT_TARGET = 18.4;
				MARKETING_VERSION = 1.0;
				PRODUCT_BUNDLE_IDENTIFIER = com.fintech.BarakaTests;
				PRODUCT_NAME = "$(TARGET_NAME)";
				SWIFT_EMIT_LOC_STRINGS = NO;
				SWIFT_VERSION = 5.0;
				TARGETED_DEVICE_FAMILY = "1,2";
				TEST_HOST = "$(BUILT_PRODUCTS_DIR)/Baraka.app/$(BUNDLE_EXECUTABLE_FOLDER_PATH)/Baraka";
			};
			name = Debug;
		};
		36805A572E09782400445070 /* Release */ = {
			isa = XCBuildConfiguration;
			baseConfigurationReference = 76263A91504F746A23597F3C /* Pods-BarakaTests.release.xcconfig */;
			buildSettings = {
				BUNDLE_LOADER = "$(TEST_HOST)";
				CODE_SIGN_STYLE = Automatic;
				CURRENT_PROJECT_VERSION = 1;
				GENERATE_INFOPLIST_FILE = YES;
				IPHONEOS_DEPLOYMENT_TARGET = 18.4;
				MARKETING_VERSION = 1.0;
				PRODUCT_BUNDLE_IDENTIFIER = com.fintech.BarakaTests;
				PRODUCT_NAME = "$(TARGET_NAME)";
				SWIFT_EMIT_LOC_STRINGS = NO;
				SWIFT_VERSION = 5.0;
				TARGETED_DEVICE_FAMILY = "1,2";
				TEST_HOST = "$(BUILT_PRODUCTS_DIR)/Baraka.app/$(BUNDLE_EXECUTABLE_FOLDER_PATH)/Baraka";
			};
			name = Release;
		};
		36805A592E09782400445070 /* Debug */ = {
			isa = XCBuildConfiguration;
			baseConfigurationReference = 3CF4C90648D307DBA6563FEE /* Pods-Baraka-BarakaUITests.debug.xcconfig */;
			buildSettings = {
				CODE_SIGN_STYLE = Automatic;
				CURRENT_PROJECT_VERSION = 1;
				GENERATE_INFOPLIST_FILE = YES;
				MARKETING_VERSION = 1.0;
				PRODUCT_BUNDLE_IDENTIFIER = com.fintech.BarakaUITests;
				PRODUCT_NAME = "$(TARGET_NAME)";
				SWIFT_EMIT_LOC_STRINGS = NO;
				SWIFT_VERSION = 5.0;
				TARGETED_DEVICE_FAMILY = "1,2";
				TEST_TARGET_NAME = Baraka;
			};
			name = Debug;
		};
		36805A5A2E09782400445070 /* Release */ = {
			isa = XCBuildConfiguration;
			baseConfigurationReference = 7BBF111DCDC46601609B4799 /* Pods-Baraka-BarakaUITests.release.xcconfig */;
			buildSettings = {
				CODE_SIGN_STYLE = Automatic;
				CURRENT_PROJECT_VERSION = 1;
				GENERATE_INFOPLIST_FILE = YES;
				MARKETING_VERSION = 1.0;
				PRODUCT_BUNDLE_IDENTIFIER = com.fintech.BarakaUITests;
				PRODUCT_NAME = "$(TARGET_NAME)";
				SWIFT_EMIT_LOC_STRINGS = NO;
				SWIFT_VERSION = 5.0;
				TARGETED_DEVICE_FAMILY = "1,2";
				TEST_TARGET_NAME = Baraka;
			};
			name = Release;
		};
/* End XCBuildConfiguration section */

/* Begin XCConfigurationList section */
		36805A222E09782200445070 /* Build configuration list for PBXProject "Baraka" */ = {
			isa = XCConfigurationList;
			buildConfigurations = (
				36805A532E09782400445070 /* Debug */,
				36805A542E09782400445070 /* Release */,
			);
			defaultConfigurationIsVisible = 0;
			defaultConfigurationName = Release;
		};
		36805A502E09782400445070 /* Build configuration list for PBXNativeTarget "Baraka" */ = {
			isa = XCConfigurationList;
			buildConfigurations = (
				36805A512E09782400445070 /* Debug */,
				36805A522E09782400445070 /* Release */,
			);
			defaultConfigurationIsVisible = 0;
			defaultConfigurationName = Release;
		};
		36805A552E09782400445070 /* Build configuration list for PBXNativeTarget "BarakaTests" */ = {
			isa = XCConfigurationList;
			buildConfigurations = (
				36805A562E09782400445070 /* Debug */,
				36805A572E09782400445070 /* Release */,
			);
			defaultConfigurationIsVisible = 0;
			defaultConfigurationName = Release;
		};
		36805A582E09782400445070 /* Build configuration list for PBXNativeTarget "BarakaUITests" */ = {
			isa = XCConfigurationList;
			buildConfigurations = (
				36805A592E09782400445070 /* Debug */,
				36805A5A2E09782400445070 /* Release */,
			);
			defaultConfigurationIsVisible = 0;
			defaultConfigurationName = Release;
		};
/* End XCConfigurationList section */
	};
	rootObject = 36805A1F2E09782200445070 /* Project object */;
}
